
Microsoft Visual Studio Solution File, Format Version 12.00
# Visual Studio Version 17
VisualStudioVersion = 17.14.36121.58
MinimumVisualStudioVersion = 10.0.40219.1
Project("{FAE04EC0-301F-11D3-BF4B-00C04F79EFBC}") = "LegacyOrderService", "LegacyOrderService.csproj", "{0DE7CA35-977E-44D0-B7F8-A2DD544D8711}"
EndProject
Project("{2150E333-8FDC-42A3-9474-1A3956D46DE8}") = "1.Presentation", "1.Presentation", "{02EA681E-C7D8-13C7-8484-4AC65E1B71E8}"
EndProject
Project("{2150E333-8FDC-42A3-9474-1A3956D46DE8}") = "2.Application", "2.Application", "{718F2C81-83BD-45A5-987C-4CF41B412E12}"
EndProject
Project("{2150E333-8FDC-42A3-9474-1A3956D46DE8}") = "3.Core", "3.Core", "{F2BFB318-1FC9-4A0A-A81C-55B63200518F}"
EndProject
Project("{2150E333-8FDC-42A3-9474-1A3956D46DE8}") = "4.Data", "4.Data", "{FF276435-FFCC-46EC-B084-5D2F266AA8AE}"
EndProject
Project("{2150E333-8FDC-42A3-9474-1A3956D46DE8}") = "5.Crosscutting", "5.Crosscutting", "{7097B630-D081-4DB6-AAC9-0AAA69FCDC6B}"
EndProject
Project("{FAE04EC0-301F-11D3-BF4B-00C04F79EFBC}") = "Core.Entities", "..\Core.Entities\Core.Entities.csproj", "{2001E5F2-D09A-4860-869E-5A557FAD7DA5}"
EndProject
Project("{2150E333-8FDC-42A3-9474-1A3956D46DE8}") = "Repository", "Repository", "{C1DB1C52-86B9-4FFF-B80B-A3BE73EA542A}"
EndProject
Project("{FAE04EC0-301F-11D3-BF4B-00C04F79EFBC}") = "Core.GlobalRepository", "..\Core.GlobalRepository\Core.GlobalRepository.csproj", "{A135C970-7F25-4B91-A4C0-6B500D6086E5}"
EndProject
Project("{2150E333-8FDC-42A3-9474-1A3956D46DE8}") = "Definition", "Definition", "{A999A5DC-ABA0-4151-8B5B-575CF532FF30}"
EndProject
Project("{2150E333-8FDC-42A3-9474-1A3956D46DE8}") = "Implementation", "Implementation", "{5C1A05EA-2B38-4E74-A9A7-293166ED3831}"
EndProject
Project("{FAE04EC0-301F-11D3-BF4B-00C04F79EFBC}") = "Application.Definition", "..\Application.Definition\Application.Definition.csproj", "{F58B80EE-0B03-4BC0-ACDB-DE0980FB11AF}"
EndProject
Project("{FAE04EC0-301F-11D3-BF4B-00C04F79EFBC}") = "Application.Implementation", "..\Application.Implementation\Application.Implementation.csproj", "{B042B0E4-5C21-4ED9-B2D5-9B0395AA8420}"
EndProject
Project("{2150E333-8FDC-42A3-9474-1A3956D46DE8}") = "Entities", "Entities", "{F6AE3682-2E37-41DE-87CD-257C80A58A34}"
EndProject
Project("{2150E333-8FDC-42A3-9474-1A3956D46DE8}") = "Common", "Common", "{A3676E1C-0CFB-43B5-9A51-DB59599F77FA}"
EndProject
Project("{FAE04EC0-301F-11D3-BF4B-00C04F79EFBC}") = "Data.Common.Definition", "..\Data.Common.Definition\Data.Common.Definition.csproj", "{52D1C45C-36AC-440A-A403-3BD6FADF3A02}"
EndProject
Project("{2150E333-8FDC-42A3-9474-1A3956D46DE8}") = "Dtos", "Dtos", "{DB71FABE-5C7F-412C-A1B9-2300EAA924DB}"
EndProject
Project("{FAE04EC0-301F-11D3-BF4B-00C04F79EFBC}") = "Core.DataTransferObject", "..\Core.DataTransferObject\Core.DataTransferObject.csproj", "{3363929D-CD33-4833-922C-00720EC45A6E}"
EndProject
Project("{2150E333-8FDC-42A3-9474-1A3956D46DE8}") = "Providers", "Providers", "{8748FD2A-46FA-4E2E-BEBA-7E85560957B6}"
EndProject
Project("{FAE04EC0-301F-11D3-BF4B-00C04F79EFBC}") = "DataAccess.Provider.SQLite", "..\DataAccess.Provider.SQLite\DataAccess.Provider.SQLite.csproj", "{F397BA1A-10DA-4647-8E88-056EE8790A5C}"
EndProject
Project("{FAE04EC0-301F-11D3-BF4B-00C04F79EFBC}") = "Crosscutting.Util", "..\Crosscutting.Util\Crosscutting.Util.csproj", "{F480FFE8-3842-4EC0-BEB2-F579F1A41AED}"
EndProject
Global
	GlobalSection(SolutionConfigurationPlatforms) = preSolution
		Debug|Any CPU = Debug|Any CPU
		Release|Any CPU = Release|Any CPU
	EndGlobalSection
	GlobalSection(ProjectConfigurationPlatforms) = postSolution
		{0DE7CA35-977E-44D0-B7F8-A2DD544D8711}.Debug|Any CPU.ActiveCfg = Debug|Any CPU
		{0DE7CA35-977E-44D0-B7F8-A2DD544D8711}.Debug|Any CPU.Build.0 = Debug|Any CPU
		{0DE7CA35-977E-44D0-B7F8-A2DD544D8711}.Release|Any CPU.ActiveCfg = Release|Any CPU
		{0DE7CA35-977E-44D0-B7F8-A2DD544D8711}.Release|Any CPU.Build.0 = Release|Any CPU
		{2001E5F2-D09A-4860-869E-5A557FAD7DA5}.Debug|Any CPU.ActiveCfg = Debug|Any CPU
		{2001E5F2-D09A-4860-869E-5A557FAD7DA5}.Debug|Any CPU.Build.0 = Debug|Any CPU
		{2001E5F2-D09A-4860-869E-5A557FAD7DA5}.Release|Any CPU.ActiveCfg = Release|Any CPU
		{2001E5F2-D09A-4860-869E-5A557FAD7DA5}.Release|Any CPU.Build.0 = Release|Any CPU
		{A135C970-7F25-4B91-A4C0-6B500D6086E5}.Debug|Any CPU.ActiveCfg = Debug|Any CPU
		{A135C970-7F25-4B91-A4C0-6B500D6086E5}.Debug|Any CPU.Build.0 = Debug|Any CPU
		{A135C970-7F25-4B91-A4C0-6B500D6086E5}.Release|Any CPU.ActiveCfg = Release|Any CPU
		{A135C970-7F25-4B91-A4C0-6B500D6086E5}.Release|Any CPU.Build.0 = Release|Any CPU
		{F58B80EE-0B03-4BC0-ACDB-DE0980FB11AF}.Debug|Any CPU.ActiveCfg = Debug|Any CPU
		{F58B80EE-0B03-4BC0-ACDB-DE0980FB11AF}.Debug|Any CPU.Build.0 = Debug|Any CPU
		{F58B80EE-0B03-4BC0-ACDB-DE0980FB11AF}.Release|Any CPU.ActiveCfg = Release|Any CPU
		{F58B80EE-0B03-4BC0-ACDB-DE0980FB11AF}.Release|Any CPU.Build.0 = Release|Any CPU
		{B042B0E4-5C21-4ED9-B2D5-9B0395AA8420}.Debug|Any CPU.ActiveCfg = Debug|Any CPU
		{B042B0E4-5C21-4ED9-B2D5-9B0395AA8420}.Debug|Any CPU.Build.0 = Debug|Any CPU
		{B042B0E4-5C21-4ED9-B2D5-9B0395AA8420}.Release|Any CPU.ActiveCfg = Release|Any CPU
		{B042B0E4-5C21-4ED9-B2D5-9B0395AA8420}.Release|Any CPU.Build.0 = Release|Any CPU
		{52D1C45C-36AC-440A-A403-3BD6FADF3A02}.Debug|Any CPU.ActiveCfg = Debug|Any CPU
		{52D1C45C-36AC-440A-A403-3BD6FADF3A02}.Debug|Any CPU.Build.0 = Debug|Any CPU
		{52D1C45C-36AC-440A-A403-3BD6FADF3A02}.Release|Any CPU.ActiveCfg = Release|Any CPU
		{52D1C45C-36AC-440A-A403-3BD6FADF3A02}.Release|Any CPU.Build.0 = Release|Any CPU
		{3363929D-CD33-4833-922C-00720EC45A6E}.Debug|Any CPU.ActiveCfg = Debug|Any CPU
		{3363929D-CD33-4833-922C-00720EC45A6E}.Debug|Any CPU.Build.0 = Debug|Any CPU
		{3363929D-CD33-4833-922C-00720EC45A6E}.Release|Any CPU.ActiveCfg = Release|Any CPU
		{3363929D-CD33-4833-922C-00720EC45A6E}.Release|Any CPU.Build.0 = Release|Any CPU
		{F397BA1A-10DA-4647-8E88-056EE8790A5C}.Debug|Any CPU.ActiveCfg = Debug|Any CPU
		{F397BA1A-10DA-4647-8E88-056EE8790A5C}.Debug|Any CPU.Build.0 = Debug|Any CPU
		{F397BA1A-10DA-4647-8E88-056EE8790A5C}.Release|Any CPU.ActiveCfg = Release|Any CPU
		{F397BA1A-10DA-4647-8E88-056EE8790A5C}.Release|Any CPU.Build.0 = Release|Any CPU
		{F480FFE8-3842-4EC0-BEB2-F579F1A41AED}.Debug|Any CPU.ActiveCfg = Debug|Any CPU
		{F480FFE8-3842-4EC0-BEB2-F579F1A41AED}.Debug|Any CPU.Build.0 = Debug|Any CPU
		{F480FFE8-3842-4EC0-BEB2-F579F1A41AED}.Release|Any CPU.ActiveCfg = Release|Any CPU
		{F480FFE8-3842-4EC0-BEB2-F579F1A41AED}.Release|Any CPU.Build.0 = Release|Any CPU
	EndGlobalSection
	GlobalSection(SolutionProperties) = preSolution
		HideSolutionNode = FALSE
	EndGlobalSection
	GlobalSection(NestedProjects) = preSolution
		{0DE7CA35-977E-44D0-B7F8-A2DD544D8711} = {02EA681E-C7D8-13C7-8484-4AC65E1B71E8}
		{2001E5F2-D09A-4860-869E-5A557FAD7DA5} = {F6AE3682-2E37-41DE-87CD-257C80A58A34}
		{C1DB1C52-86B9-4FFF-B80B-A3BE73EA542A} = {F2BFB318-1FC9-4A0A-A81C-55B63200518F}
		{A135C970-7F25-4B91-A4C0-6B500D6086E5} = {C1DB1C52-86B9-4FFF-B80B-A3BE73EA542A}
		{A999A5DC-ABA0-4151-8B5B-575CF532FF30} = {718F2C81-83BD-45A5-987C-4CF41B412E12}
		{5C1A05EA-2B38-4E74-A9A7-293166ED3831} = {718F2C81-83BD-45A5-987C-4CF41B412E12}
		{F58B80EE-0B03-4BC0-ACDB-DE0980FB11AF} = {A999A5DC-ABA0-4151-8B5B-575CF532FF30}
		{B042B0E4-5C21-4ED9-B2D5-9B0395AA8420} = {5C1A05EA-2B38-4E74-A9A7-293166ED3831}
		{F6AE3682-2E37-41DE-87CD-257C80A58A34} = {F2BFB318-1FC9-4A0A-A81C-55B63200518F}
		{A3676E1C-0CFB-43B5-9A51-DB59599F77FA} = {FF276435-FFCC-46EC-B084-5D2F266AA8AE}
		{52D1C45C-36AC-440A-A403-3BD6FADF3A02} = {A3676E1C-0CFB-43B5-9A51-DB59599F77FA}
		{DB71FABE-5C7F-412C-A1B9-2300EAA924DB} = {F2BFB318-1FC9-4A0A-A81C-55B63200518F}
		{3363929D-CD33-4833-922C-00720EC45A6E} = {DB71FABE-5C7F-412C-A1B9-2300EAA924DB}
		{8748FD2A-46FA-4E2E-BEBA-7E85560957B6} = {FF276435-FFCC-46EC-B084-5D2F266AA8AE}
		{F397BA1A-10DA-4647-8E88-056EE8790A5C} = {8748FD2A-46FA-4E2E-BEBA-7E85560957B6}
		{F480FFE8-3842-4EC0-BEB2-F579F1A41AED} = {7097B630-D081-4DB6-AAC9-0AAA69FCDC6B}
	EndGlobalSection
	GlobalSection(ExtensibilityGlobals) = postSolution
		SolutionGuid = {566BD0F6-DB7D-4310-BD76-F78B969D9352}
	EndGlobalSection
EndGlobal
