
Microsoft Visual Studio Solution File, Format Version 12.00
# Visual Studio Version 17
VisualStudioVersion = 17.14.36121.58
MinimumVisualStudioVersion = 10.0.40219.1
Project("{2150E333-8FDC-42A3-9474-1A3956D46DE8}") = "1.Presentation", "1.Presentation", "{02EA681E-C7D8-13C7-8484-4AC65E1B71E8}"
EndProject
Project("{2150E333-8FDC-42A3-9474-1A3956D46DE8}") = "2.Application", "2.Application", "{718F2C81-83BD-45A5-987C-4CF41B412E12}"
EndProject
Project("{2150E333-8FDC-42A3-9474-1A3956D46DE8}") = "3.Core", "3.Core", "{F2BFB318-1FC9-4A0A-A81C-55B63200518F}"
EndProject
Project("{2150E333-8FDC-42A3-9474-1A3956D46DE8}") = "4.Data", "4.Data", "{FF276435-FFCC-46EC-B084-5D2F266AA8AE}"
EndProject
Project("{2150E333-8FDC-42A3-9474-1A3956D46DE8}") = "5.Crosscutting", "5.Crosscutting", "{7097B630-D081-4DB6-AAC9-0AAA69FCDC6B}"
EndProject
Project("{2150E333-8FDC-42A3-9474-1A3956D46DE8}") = "Repository", "Repository", "{C1DB1C52-86B9-4FFF-B80B-A3BE73EA542A}"
EndProject
Project("{2150E333-8FDC-42A3-9474-1A3956D46DE8}") = "Definition", "Definition", "{A999A5DC-ABA0-4151-8B5B-575CF532FF30}"
EndProject
Project("{2150E333-8FDC-42A3-9474-1A3956D46DE8}") = "Implementation", "Implementation", "{5C1A05EA-2B38-4E74-A9A7-293166ED3831}"
EndProject
Project("{2150E333-8FDC-42A3-9474-1A3956D46DE8}") = "Entities", "Entities", "{F6AE3682-2E37-41DE-87CD-257C80A58A34}"
EndProject
Project("{2150E333-8FDC-42A3-9474-1A3956D46DE8}") = "Common", "Common", "{A3676E1C-0CFB-43B5-9A51-DB59599F77FA}"
EndProject
Project("{2150E333-8FDC-42A3-9474-1A3956D46DE8}") = "Dtos", "Dtos", "{DB71FABE-5C7F-412C-A1B9-2300EAA924DB}"
EndProject
Project("{2150E333-8FDC-42A3-9474-1A3956D46DE8}") = "Providers", "Providers", "{8748FD2A-46FA-4E2E-BEBA-7E85560957B6}"
EndProject
Project("{FAE04EC0-301F-11D3-BF4B-00C04F79EFBC}") = "Presentation.LegacyOrderConsole", "LegacyOrderService\Presentation.LegacyOrderConsole.csproj", "{FAFC520A-047F-75A3-0EAB-1A678B7F197F}"
EndProject
Project("{FAE04EC0-301F-11D3-BF4B-00C04F79EFBC}") = "Application.Definition", "Application.Definition\Application.Definition.csproj", "{34789859-0FCE-B0AC-C120-FDCAC1D6CF9E}"
EndProject
Project("{FAE04EC0-301F-11D3-BF4B-00C04F79EFBC}") = "Application.Implementation", "Application.Implementation\Application.Implementation.csproj", "{E3E02913-3A25-4007-CC92-825A8D014DD8}"
EndProject
Project("{FAE04EC0-301F-11D3-BF4B-00C04F79EFBC}") = "Crosscutting.Util", "Crosscutting.Util\Crosscutting.Util.csproj", "{C200CF7F-F320-B972-4CDB-22D17D9A0274}"
EndProject
Project("{FAE04EC0-301F-11D3-BF4B-00C04F79EFBC}") = "DataAccess.Provider.SQLite", "DataAccess.Provider.SQLite\DataAccess.Provider.SQLite.csproj", "{0F0B843A-7E66-96AD-B2FA-B41FDBE11199}"
EndProject
Project("{FAE04EC0-301F-11D3-BF4B-00C04F79EFBC}") = "Data.Common.Definition", "Data.Common.Definition\Data.Common.Definition.csproj", "{C43460E5-0ECD-738F-B976-7C4858D52404}"
EndProject
Project("{FAE04EC0-301F-11D3-BF4B-00C04F79EFBC}") = "Core.GlobalRepository", "Core.GlobalRepository\Core.GlobalRepository.csproj", "{E583521E-4FCF-240F-78BA-077CFCC7C277}"
EndProject
Project("{FAE04EC0-301F-11D3-BF4B-00C04F79EFBC}") = "Core.Entities", "Core.Entities\Core.Entities.csproj", "{FC06C030-51AD-93A1-4B7B-700F4E7C68E0}"
EndProject
Project("{FAE04EC0-301F-11D3-BF4B-00C04F79EFBC}") = "Core.DataTransferObject", "Core.DataTransferObject\Core.DataTransferObject.csproj", "{260F1DDE-820D-5A9B-FB7B-C940D1131C82}"
EndProject
Global
	GlobalSection(SolutionConfigurationPlatforms) = preSolution
		Debug|Any CPU = Debug|Any CPU
		Release|Any CPU = Release|Any CPU
	EndGlobalSection
	GlobalSection(ProjectConfigurationPlatforms) = postSolution
		{FAFC520A-047F-75A3-0EAB-1A678B7F197F}.Debug|Any CPU.ActiveCfg = Debug|Any CPU
		{FAFC520A-047F-75A3-0EAB-1A678B7F197F}.Debug|Any CPU.Build.0 = Debug|Any CPU
		{FAFC520A-047F-75A3-0EAB-1A678B7F197F}.Release|Any CPU.ActiveCfg = Release|Any CPU
		{FAFC520A-047F-75A3-0EAB-1A678B7F197F}.Release|Any CPU.Build.0 = Release|Any CPU
		{34789859-0FCE-B0AC-C120-FDCAC1D6CF9E}.Debug|Any CPU.ActiveCfg = Debug|Any CPU
		{34789859-0FCE-B0AC-C120-FDCAC1D6CF9E}.Debug|Any CPU.Build.0 = Debug|Any CPU
		{34789859-0FCE-B0AC-C120-FDCAC1D6CF9E}.Release|Any CPU.ActiveCfg = Release|Any CPU
		{34789859-0FCE-B0AC-C120-FDCAC1D6CF9E}.Release|Any CPU.Build.0 = Release|Any CPU
		{E3E02913-3A25-4007-CC92-825A8D014DD8}.Debug|Any CPU.ActiveCfg = Debug|Any CPU
		{E3E02913-3A25-4007-CC92-825A8D014DD8}.Debug|Any CPU.Build.0 = Debug|Any CPU
		{E3E02913-3A25-4007-CC92-825A8D014DD8}.Release|Any CPU.ActiveCfg = Release|Any CPU
		{E3E02913-3A25-4007-CC92-825A8D014DD8}.Release|Any CPU.Build.0 = Release|Any CPU
		{C200CF7F-F320-B972-4CDB-22D17D9A0274}.Debug|Any CPU.ActiveCfg = Debug|Any CPU
		{C200CF7F-F320-B972-4CDB-22D17D9A0274}.Debug|Any CPU.Build.0 = Debug|Any CPU
		{C200CF7F-F320-B972-4CDB-22D17D9A0274}.Release|Any CPU.ActiveCfg = Release|Any CPU
		{C200CF7F-F320-B972-4CDB-22D17D9A0274}.Release|Any CPU.Build.0 = Release|Any CPU
		{0F0B843A-7E66-96AD-B2FA-B41FDBE11199}.Debug|Any CPU.ActiveCfg = Debug|Any CPU
		{0F0B843A-7E66-96AD-B2FA-B41FDBE11199}.Debug|Any CPU.Build.0 = Debug|Any CPU
		{0F0B843A-7E66-96AD-B2FA-B41FDBE11199}.Release|Any CPU.ActiveCfg = Release|Any CPU
		{0F0B843A-7E66-96AD-B2FA-B41FDBE11199}.Release|Any CPU.Build.0 = Release|Any CPU
		{C43460E5-0ECD-738F-B976-7C4858D52404}.Debug|Any CPU.ActiveCfg = Debug|Any CPU
		{C43460E5-0ECD-738F-B976-7C4858D52404}.Debug|Any CPU.Build.0 = Debug|Any CPU
		{C43460E5-0ECD-738F-B976-7C4858D52404}.Release|Any CPU.ActiveCfg = Release|Any CPU
		{C43460E5-0ECD-738F-B976-7C4858D52404}.Release|Any CPU.Build.0 = Release|Any CPU
		{E583521E-4FCF-240F-78BA-077CFCC7C277}.Debug|Any CPU.ActiveCfg = Debug|Any CPU
		{E583521E-4FCF-240F-78BA-077CFCC7C277}.Debug|Any CPU.Build.0 = Debug|Any CPU
		{E583521E-4FCF-240F-78BA-077CFCC7C277}.Release|Any CPU.ActiveCfg = Release|Any CPU
		{E583521E-4FCF-240F-78BA-077CFCC7C277}.Release|Any CPU.Build.0 = Release|Any CPU
		{FC06C030-51AD-93A1-4B7B-700F4E7C68E0}.Debug|Any CPU.ActiveCfg = Debug|Any CPU
		{FC06C030-51AD-93A1-4B7B-700F4E7C68E0}.Debug|Any CPU.Build.0 = Debug|Any CPU
		{FC06C030-51AD-93A1-4B7B-700F4E7C68E0}.Release|Any CPU.ActiveCfg = Release|Any CPU
		{FC06C030-51AD-93A1-4B7B-700F4E7C68E0}.Release|Any CPU.Build.0 = Release|Any CPU
		{260F1DDE-820D-5A9B-FB7B-C940D1131C82}.Debug|Any CPU.ActiveCfg = Debug|Any CPU
		{260F1DDE-820D-5A9B-FB7B-C940D1131C82}.Debug|Any CPU.Build.0 = Debug|Any CPU
		{260F1DDE-820D-5A9B-FB7B-C940D1131C82}.Release|Any CPU.ActiveCfg = Release|Any CPU
		{260F1DDE-820D-5A9B-FB7B-C940D1131C82}.Release|Any CPU.Build.0 = Release|Any CPU
	EndGlobalSection
	GlobalSection(SolutionProperties) = preSolution
		HideSolutionNode = FALSE
	EndGlobalSection
	GlobalSection(NestedProjects) = preSolution
		{C1DB1C52-86B9-4FFF-B80B-A3BE73EA542A} = {F2BFB318-1FC9-4A0A-A81C-55B63200518F}
		{A999A5DC-ABA0-4151-8B5B-575CF532FF30} = {718F2C81-83BD-45A5-987C-4CF41B412E12}
		{5C1A05EA-2B38-4E74-A9A7-293166ED3831} = {718F2C81-83BD-45A5-987C-4CF41B412E12}
		{F6AE3682-2E37-41DE-87CD-257C80A58A34} = {F2BFB318-1FC9-4A0A-A81C-55B63200518F}
		{A3676E1C-0CFB-43B5-9A51-DB59599F77FA} = {FF276435-FFCC-46EC-B084-5D2F266AA8AE}
		{DB71FABE-5C7F-412C-A1B9-2300EAA924DB} = {F2BFB318-1FC9-4A0A-A81C-55B63200518F}
		{8748FD2A-46FA-4E2E-BEBA-7E85560957B6} = {FF276435-FFCC-46EC-B084-5D2F266AA8AE}
		{FAFC520A-047F-75A3-0EAB-1A678B7F197F} = {02EA681E-C7D8-13C7-8484-4AC65E1B71E8}
		{34789859-0FCE-B0AC-C120-FDCAC1D6CF9E} = {A999A5DC-ABA0-4151-8B5B-575CF532FF30}
		{E3E02913-3A25-4007-CC92-825A8D014DD8} = {5C1A05EA-2B38-4E74-A9A7-293166ED3831}
		{C200CF7F-F320-B972-4CDB-22D17D9A0274} = {7097B630-D081-4DB6-AAC9-0AAA69FCDC6B}
		{0F0B843A-7E66-96AD-B2FA-B41FDBE11199} = {8748FD2A-46FA-4E2E-BEBA-7E85560957B6}
		{C43460E5-0ECD-738F-B976-7C4858D52404} = {A3676E1C-0CFB-43B5-9A51-DB59599F77FA}
		{E583521E-4FCF-240F-78BA-077CFCC7C277} = {C1DB1C52-86B9-4FFF-B80B-A3BE73EA542A}
		{FC06C030-51AD-93A1-4B7B-700F4E7C68E0} = {F6AE3682-2E37-41DE-87CD-257C80A58A34}
		{260F1DDE-820D-5A9B-FB7B-C940D1131C82} = {DB71FABE-5C7F-412C-A1B9-2300EAA924DB}
	EndGlobalSection
	GlobalSection(ExtensibilityGlobals) = postSolution
		SolutionGuid = {566BD0F6-DB7D-4310-BD76-F78B969D9352}
	EndGlobalSection
EndGlobal
